{
    "name": "odin",
    "version": "1.0.0",
    "lockfileVersion": 1,
    "dependencies": {
        "amdefine": {
            "version": "1.0.1",
            "resolved": "https://registry.npmjs.org/amdefine/-/amdefine-1.0.1.tgz",
            "integrity": "sha1-SlKCrBZHKek2Gbz9OtFR+BfOkfU="
        },
        "antd": {
            "version": "2.12.6",
            "resolved": "https://registry.npmjs.org/antd/-/antd-2.12.6.tgz",
            "integrity": "sha1-PdIajEbvEa2lVax9yd7Z/5Y4eDA=",
            "requires": {
                "array-tree-filter": "1.0.1",
                "babel-runtime": "6.25.0",
                "classnames": "2.2.5",
                "create-react-class": "15.6.0",
                "css-animation": "1.3.2",
                "dom-closest": "0.2.0",
                "lodash.debounce": "4.0.8",
                "moment": "2.18.1",
                "omit.js": "1.0.0",
                "prop-types": "15.5.10",
                "rc-animate": "2.4.1",
                "rc-calendar": "9.0.1",
                "rc-cascader": "0.11.4",
                "rc-checkbox": "2.0.3",
                "rc-collapse": "1.7.6",
                "rc-dialog": "6.5.10",
                "rc-dropdown": "1.5.0",
                "rc-editor-mention": "0.6.12",
                "rc-form": "1.4.6",
                "rc-input-number": "3.6.4",
                "rc-menu": "5.0.10",
                "rc-notification": "2.0.5",
                "rc-pagination": "1.10.6",
                "rc-progress": "2.1.2",
                "rc-rate": "2.1.1",
                "rc-select": "6.8.9",
                "rc-slider": "8.2.0",
                "rc-steps": "2.5.1",
                "rc-switch": "1.5.2",
                "rc-table": "5.4.2",
                "rc-tabs": "9.0.3",
                "rc-time-picker": "2.4.1",
                "rc-tooltip": "3.4.8",
                "rc-tree": "1.7.1",
                "rc-tree-select": "1.10.3",
                "rc-upload": "2.3.8",
                "rc-util": "4.0.4",
                "react-lazy-load": "3.0.12",
                "react-slick": "0.14.11",
                "shallowequal": "1.0.2",
                "warning": "3.0.0"
            }
        },
        "bulma": {
            "version": "0.5.1",
            "resolved": "https://registry.npmjs.org/bulma/-/bulma-0.5.1.tgz",
            "integrity": "sha1-2ygxyUr+cyJQx7ElJ6e3kqTcnvg="
        },
        "clean-css": {
            "version": "3.4.28",
            "resolved": "https://registry.npmjs.org/clean-css/-/clean-css-3.4.28.tgz",
            "integrity": "sha1-vxlF6C/ICPVWlebd6uwBQA79A/8="
        },
        "commander": {
            "version": "2.8.1",
            "resolved": "https://registry.npmjs.org/commander/-/commander-2.8.1.tgz",
            "integrity": "sha1-Br42f+v9oMMwqh4qBy09yXYkJdQ="
        },
        "core-js": {
            "version": "2.5.0",
            "resolved": "https://registry.npmjs.org/core-js/-/core-js-2.5.0.tgz",
            "integrity": "sha1-VpwFCRi+ZIazg3VSAorgRmtxcIY="
        },
        "graceful-readlink": {
            "version": "1.0.1",
            "resolved": "https://registry.npmjs.org/graceful-readlink/-/graceful-readlink-1.0.1.tgz",
            "integrity": "sha1-TK+tdrxi8C+gObL5Tpo906ORpyU="
        },
        "less-plugin-clean-css": {
            "version": "1.5.1",
            "resolved": "https://registry.npmjs.org/less-plugin-clean-css/-/less-plugin-clean-css-1.5.1.tgz",
            "integrity": "sha1-zFeveqM5iVflbezr5jy2DCNClwM="
        },
        "rc-calendar": {
            "version": "9.0.1",
            "resolved": "https://registry.npmjs.org/rc-calendar/-/rc-calendar-9.0.1.tgz",
            "integrity": "sha512-W7eLbp3xdyJm7qQtssa/lsSIuGodwPBaBKPlrVZSLWpOWdpBwMBvaXkqkXlX/NXhR2greaF/F9/2Z6msqdnuyw==",
            "requires": {
                "babel-runtime": "6.25.0",
                "classnames": "2.2.5",
                "create-react-class": "15.6.0",
                "moment": "2.18.1",
                "prop-types": "15.5.10",
                "rc-trigger": "1.11.3",
                "rc-util": "4.0.4"
            }
        },
        "rc-cascader": {
            "version": "0.11.4",
            "resolved": "https://registry.npmjs.org/rc-cascader/-/rc-cascader-0.11.4.tgz",
            "integrity": "sha512-6LcZyCH+Pk6PFbgeH3y1apCC0+UUHxdHJUPSKWaZOzeW3HxRnSfhsWWiDpDdipg5mjGihsnS9Mvx6cm5p5efeA==",
            "requires": {
                "array-tree-filter": "1.0.1",
                "prop-types": "15.5.10",
                "rc-trigger": "1.11.3",
                "rc-util": "4.0.4",
                "shallow-equal": "1.0.0"
            }
        },
        "rc-dropdown": {
            "version": "1.5.0",
            "resolved": "https://registry.npmjs.org/rc-dropdown/-/rc-dropdown-1.5.0.tgz",
            "integrity": "sha512-cmuSV/E4bp39iXzAZnqx5t9SpK3Ggbtdz3yPJzGKngCGhqKs9/jHofoVGkxrnVkNAycttUwQ00NKuaf/tMeX+g==",
            "requires": {
                "prop-types": "15.5.10",
                "rc-trigger": "1.11.3"
            }
        },
        "rc-form": {
            "version": "1.4.6",
            "resolved": "https://registry.npmjs.org/rc-form/-/rc-form-1.4.6.tgz",
            "integrity": "sha512-d9nWcPr/xZgXrse3uUexZSKfXr34zwxND4UkfUYxec5HpfG5y9VBbZkoEdWd4rtGF2HYI/bOWy5q9QIgWufLVA==",
            "requires": {
                "async-validator": "1.7.1",
                "babel-runtime": "6.25.0",
                "create-react-class": "15.6.0",
                "dom-scroll-into-view": "1.2.1",
                "hoist-non-react-statics": "1.2.0",
                "lodash": "4.17.4",
                "warning": "3.0.0"
            }
        },
        "rc-input-number": {
            "version": "3.6.4",
            "resolved": "https://registry.npmjs.org/rc-input-number/-/rc-input-number-3.6.4.tgz",
            "integrity": "sha512-vQpuJKrEsyO6K3d4gZ8Ubzx2lhIGfUyvgoULZ2l0LxHPtTQ3ojOby1+PqgyOoKkLDwQk7fx2suucSnMD2+8SGQ==",
            "requires": {
                "babel-runtime": "6.25.0",
                "classnames": "2.2.5",
                "create-react-class": "15.6.0",
                "prop-types": "15.5.10",
                "rc-touchable": "1.2.3"
            }
        },
        "rc-notification": {
            "version": "2.0.5",
            "resolved": "https://registry.npmjs.org/rc-notification/-/rc-notification-2.0.5.tgz",
            "integrity": "sha1-ksMAoSSsh66l97tv5XMHyb5K/dg=",
            "requires": {
                "babel-runtime": "6.25.0",
                "classnames": "2.2.5",
                "prop-types": "15.5.10",
                "rc-animate": "2.4.1",
                "rc-util": "4.0.4"
            }
        },
        "rc-pagination": {
            "version": "1.10.6",
            "resolved": "https://registry.npmjs.org/rc-pagination/-/rc-pagination-1.10.6.tgz",
            "integrity": "sha1-OWoh6CZYSsc5tcPBVJbe8dgMJxA=",
            "requires": {
                "babel-runtime": "6.25.0",
                "prop-types": "15.5.10"
            }
        },
        "rc-select": {
            "version": "6.8.9",
            "resolved": "https://registry.npmjs.org/rc-select/-/rc-select-6.8.9.tgz",
            "integrity": "sha512-KP5n7qfoMOomqS4lSUCKb82V79Ei0Gar7GyjqdkQ+480TaQ0xAhBZn6HRotaoezEQo8Jn6bHBk2dlobwm/zrcQ==",
            "requires": {
                "babel-runtime": "6.25.0",
                "classnames": "2.2.5",
                "component-classes": "1.2.6",
                "dom-scroll-into-view": "1.2.1",
                "prop-types": "15.5.10",
                "rc-animate": "2.4.1",
                "rc-menu": "5.0.10",
                "rc-trigger": "1.11.3",
                "rc-util": "4.0.4",
                "warning": "2.1.0"
            },
            "dependencies": {
                "warning": {
                    "version": "2.1.0",
                    "resolved": "https://registry.npmjs.org/warning/-/warning-2.1.0.tgz",
                    "integrity": "sha1-ISINnGOvx3qMkhEeARr3Bc4MaQE=",
                    "requires": {
                        "loose-envify": "1.3.1"
                    }
                }
            }
        },
        "rc-table": {
            "version": "5.4.2",
            "resolved": "https://registry.npmjs.org/rc-table/-/rc-table-5.4.2.tgz",
            "integrity": "sha512-o32BF9+oiG3r2sk+ykG0BRRxtdAU8rywhNaiUFlZeHjJeqTsY+a2GjFPXpM5fo4LWD3imadO39mXHs4HlQqQbA==",
            "requires": {
                "babel-runtime": "6.25.0",
                "component-classes": "1.2.6",
                "lodash.get": "4.4.2",
                "prop-types": "15.5.10",
                "rc-util": "4.0.4",
                "shallowequal": "0.2.2",
                "warning": "3.0.0"
            },
            "dependencies": {
                "shallowequal": {
                    "version": "0.2.2",
                    "resolved": "https://registry.npmjs.org/shallowequal/-/shallowequal-0.2.2.tgz",
                    "integrity": "sha1-HjL9W8q2rWiKSBLLDMBO/HXHAU4=",
                    "requires": {
                        "lodash.keys": "3.1.2"
                    }
                }
            }
        },
        "rc-tabs": {
            "version": "9.0.3",
            "resolved": "https://registry.npmjs.org/rc-tabs/-/rc-tabs-9.0.3.tgz",
            "integrity": "sha512-4XankMG7ncqbHmkKrHuYJcqYFd69JM8DbZAQEl8Zf2GSwlQ7LQ8YhfocV5alGDcanhpmm92XbDmWGjCliVVVcA==",
            "requires": {
                "babel-runtime": "6.25.0",
                "classnames": "2.2.5",
                "create-react-class": "15.6.0",
                "prop-types": "15.5.10",
                "rc-hammerjs": "0.6.8",
                "warning": "3.0.0"
            }
        },
        "rc-touchable": {
            "version": "1.2.3",
            "resolved": "https://registry.npmjs.org/rc-touchable/-/rc-touchable-1.2.3.tgz",
            "integrity": "sha1-X0mDJOPQubpgGpxINJWOqixxNhg=",
            "requires": {
                "babel-runtime": "6.25.0"
            }
        },
        "rc-tree": {
            "version": "1.7.1",
            "resolved": "https://registry.npmjs.org/rc-tree/-/rc-tree-1.7.1.tgz",
            "integrity": "sha512-l/ObWFa1wl+RWqXdc4FK+wNXpj3seTTqMxQgnKGHKu4gcuF9oAavbqkj5fjbQzs1pxJVuqFqJmMJfxG9HdJz6w==",
            "requires": {
                "babel-runtime": "6.25.0",
                "classnames": "2.2.5",
                "prop-types": "15.5.10",
                "rc-animate": "2.4.1",
                "rc-util": "4.0.4",
                "warning": "3.0.0"
            }
        },
        "rc-tree-select": {
            "version": "1.10.3",
            "resolved": "https://registry.npmjs.org/rc-tree-select/-/rc-tree-select-1.10.3.tgz",
            "integrity": "sha512-mpMIEM3xMizplqcZ74G5v6k67BXoD62UTMXCT8QJBTuKVLiPXs+OztoXarpNDT1CQ9NxdmfN8S56MBcOIoZ8zQ==",
            "requires": {
                "babel-runtime": "6.25.0",
                "classnames": "2.2.5",
                "object-assign": "4.1.1",
                "prop-types": "15.5.10",
                "rc-animate": "2.4.1",
                "rc-tree": "1.7.1",
                "rc-trigger": "1.11.3",
                "rc-util": "4.0.4"
            }
        },
        "source-map": {
            "version": "0.4.4",
            "resolved": "https://registry.npmjs.org/source-map/-/source-map-0.4.4.tgz",
            "integrity": "sha1-66T12pwNyZneaAMti092FzZSA2s="
        },
        "spinkit": {
            "version": "1.2.5",
            "resolved": "https://registry.npmjs.org/spinkit/-/spinkit-1.2.5.tgz",
            "integrity": "sha1-kPn0ZqIOjjnvJNqVnB5hHCow3VQ="
        },
        "ua-parser-js": {
            "version": "0.7.14",
            "resolved": "https://registry.npmjs.org/ua-parser-js/-/ua-parser-js-0.7.14.tgz",
            "integrity": "sha1-EQ1T+kw/MmwSEpK76skE0uAzh8o="
        }
    }
}
